{
  "name": "i18n-placeholder-checker",
  "version": "0.1.0",
  "lockfileVersion": 3,
  "requires": true,
  "packages": {
    "": {
      "name": "i18n-placeholder-checker",
      "version": "0.1.0",
      "license": "MIT",
      "bin": {
        "i18n-placeholder-checker": "bin/placeholder-checker.js"
      },
      "engines": {
        "node": ">=18"
      }
    }
  }
}
